{
  "version": 2,
  "dependencies": {
    "net10.0": {
      "Microsoft.Extensions.Caching.StackExchangeRedis": {
        "type": "Direct",
        "requested": "[10.0.10, )",
        "resolved": "10.0.10",
        "contentHash": "E+3pfEY68WQh1ZVFTGDNK0JCoayzL3aIDgVHHM85HIbQO7MiABG14A7+ajHH2P/y3a4W2Rla5p2nzut3+mzoyQ==",
        "dependencies": {
          "StackExchange.Redis": "2.7.27"
        }
      },
      "StackExchange.Redis": {
        "type": "Direct",
        "requested": "[2.10.1, )",
        "resolved": "2.10.1",
        "contentHash": "se08WZvD42H3bV4XBW07pupTiE2/72qStKyi/lRqqcijksFWfRtwLTuhFtZ4OX19f4+we/2qruFZBXYJBFc8PQ==",
        "dependencies": {
          "Pipelines.Sockets.Unofficial": "2.2.8",
          "System.IO.Hashing": "9.0.10"
        }
      },
      "ZiggyCreatures.FusionCache": {
        "type": "Direct",
        "requested": "[2.9.0, )",
        "resolved": "2.9.0",
        "contentHash": "m2z6LlE4yckDkE95Vha2NH/gPD+iM9PnCUMfe1nfkC+xaiq48S80HI7olnSblVOAHx5OP+VN9vhQoTdZAPZp0g=="
      },
      "ZiggyCreatures.FusionCache.Backplane.StackExchangeRedis": {
        "type": "Direct",
        "requested": "[2.9.0, )",
        "resolved": "2.9.0",
        "contentHash": "1O2IZiNvTgjssKwxuG5yFBHhrcjXDbraaQUbUPBSGM5sdsHNrj5hxNIx6uAXshikSxBibTdPotwTfgZaO4GPjQ==",
        "dependencies": {
          "StackExchange.Redis": "2.10.1",
          "ZiggyCreatures.FusionCache": "2.9.0"
        }
      },
      "ZiggyCreatures.FusionCache.Serialization.SystemTextJson": {
        "type": "Direct",
        "requested": "[2.9.0, )",
        "resolved": "2.9.0",
        "contentHash": "4cJOqBFLmFGcm1SSu7HAcMOTyHCRAHAxZ7fmxrcxMXwZ+FYNiZBpdxqi67vbtw608piFtswOyJhxLZhO36fLCg==",
        "dependencies": {
          "ZiggyCreatures.FusionCache": "2.9.0"
        }
      },
      "Pipelines.Sockets.Unofficial": {
        "type": "Transitive",
        "resolved": "2.2.8",
        "contentHash": "zG2FApP5zxSx6OcdJQLbZDk2AVlN2BNQD6MorwIfV6gVj0RRxWPEp2LXAxqDGZqeNV1Zp0BNPcNaey/GXmTdvQ=="
      },
      "System.IO.Hashing": {
        "type": "Transitive",
        "resolved": "9.0.10",
        "contentHash": "9gv5z71xaWWmcGEs4bXdreIhKp2kYLK2fvPK5gQkgnWMYvZ8ieaxKofDjxL3scZiEYfi/yW2nJTiKV2awcWEdA=="
      }
    }
  }
}